
Microsoft Visual Studio Solution File, Format Version 12.00
# Visual Studio Version 17
VisualStudioVersion = 17.2.32616.157
MinimumVisualStudioVersion = 10.0.40219.1
Project("{FAE04EC0-301F-11D3-BF4B-00C04F79EFBC}") = "Vudu.com_Back_End", "Vudu.com_Back_End\Vudu.com_Back_End.csproj", "{FC1E0635-53DB-4A8E-8D63-33B71DA1F47F}"
EndProject
Global
	GlobalSection(SolutionConfigurationPlatforms) = preSolution
		Debug|Any CPU = Debug|Any CPU
		Release|Any CPU = Release|Any CPU
	EndGlobalSection
	GlobalSection(ProjectConfigurationPlatforms) = postSolution
		{FC1E0635-53DB-4A8E-8D63-33B71DA1F47F}.Debug|Any CPU.ActiveCfg = Debug|Any CPU
		{FC1E0635-53DB-4A8E-8D63-33B71DA1F47F}.Debug|Any CPU.Build.0 = Debug|Any CPU
		{FC1E0635-53DB-4A8E-8D63-33B71DA1F47F}.Release|Any CPU.ActiveCfg = Release|Any CPU
		{FC1E0635-53DB-4A8E-8D63-33B71DA1F47F}.Release|Any CPU.Build.0 = Release|Any CPU
	EndGlobalSection
	GlobalSection(SolutionProperties) = preSolution
		HideSolutionNode = FALSE
	EndGlobalSection
	GlobalSection(ExtensibilityGlobals) = postSolution
		SolutionGuid = {F2145BBD-1EA2-4639-8F84-F0A21FA0BCF1}
	EndGlobalSection
EndGlobal
